
Microsoft Visual Studio Solution File, Format Version 12.00
# Visual Studio Version 17
VisualStudioVersion = 17.13.35825.156 d17.13
MinimumVisualStudioVersion = 10.0.40219.1
Project("{FAE04EC0-301F-11D3-BF4B-00C04F79EFBC}") = "QuickSort", "QuickSort.csproj", "{6B876ED0-86E2-4762-AE94-C5E4AA33E50C}"
EndProject
Global
	GlobalSection(SolutionConfigurationPlatforms) = preSolution
		Debug|Any CPU = Debug|Any CPU
		Release|Any CPU = Release|Any CPU
	EndGlobalSection
	GlobalSection(ProjectConfigurationPlatforms) = postSolution
		{6B876ED0-86E2-4762-AE94-C5E4AA33E50C}.Debug|Any CPU.ActiveCfg = Debug|Any CPU
		{6B876ED0-86E2-4762-AE94-C5E4AA33E50C}.Debug|Any CPU.Build.0 = Debug|Any CPU
		{6B876ED0-86E2-4762-AE94-C5E4AA33E50C}.Release|Any CPU.ActiveCfg = Release|Any CPU
		{6B876ED0-86E2-4762-AE94-C5E4AA33E50C}.Release|Any CPU.Build.0 = Release|Any CPU
	EndGlobalSection
	GlobalSection(SolutionProperties) = preSolution
		HideSolutionNode = FALSE
	EndGlobalSection
	GlobalSection(ExtensibilityGlobals) = postSolution
		SolutionGuid = {9662B46C-5994-4265-AF00-AC81E0E72659}
	EndGlobalSection
EndGlobal
