
Microsoft Visual Studio Solution File, Format Version 12.00
# Visual Studio Version 17
VisualStudioVersion = 17.14.36109.1
MinimumVisualStudioVersion = 10.0.40219.1
Project("{FAE04EC0-301F-11D3-BF4B-00C04F79EFBC}") = "DI-test", "DI-test\DI-test.csproj", "{774CEA54-5795-6462-EA02-6F5F17CAF4A1}"
EndProject
Project("{FAE04EC0-301F-11D3-BF4B-00C04F79EFBC}") = "MyDIProject", "MyDIProject\MyDIProject.csproj", "{8395548C-5249-FEC0-5E34-04076DFAD495}"
EndProject
Project("{FAE04EC0-301F-11D3-BF4B-00C04F79EFBC}") = "WebApplication1", "WebApplication1\WebApplication1.csproj", "{1139E486-A36B-6B58-4965-3753D45010A4}"
EndProject
Global
	GlobalSection(SolutionConfigurationPlatforms) = preSolution
		Debug|Any CPU = Debug|Any CPU
		Release|Any CPU = Release|Any CPU
	EndGlobalSection
	GlobalSection(ProjectConfigurationPlatforms) = postSolution
		{774CEA54-5795-6462-EA02-6F5F17CAF4A1}.Debug|Any CPU.ActiveCfg = Debug|Any CPU
		{774CEA54-5795-6462-EA02-6F5F17CAF4A1}.Debug|Any CPU.Build.0 = Debug|Any CPU
		{774CEA54-5795-6462-EA02-6F5F17CAF4A1}.Release|Any CPU.ActiveCfg = Release|Any CPU
		{774CEA54-5795-6462-EA02-6F5F17CAF4A1}.Release|Any CPU.Build.0 = Release|Any CPU
		{8395548C-5249-FEC0-5E34-04076DFAD495}.Debug|Any CPU.ActiveCfg = Debug|Any CPU
		{8395548C-5249-FEC0-5E34-04076DFAD495}.Debug|Any CPU.Build.0 = Debug|Any CPU
		{8395548C-5249-FEC0-5E34-04076DFAD495}.Release|Any CPU.ActiveCfg = Release|Any CPU
		{8395548C-5249-FEC0-5E34-04076DFAD495}.Release|Any CPU.Build.0 = Release|Any CPU
		{1139E486-A36B-6B58-4965-3753D45010A4}.Debug|Any CPU.ActiveCfg = Debug|Any CPU
		{1139E486-A36B-6B58-4965-3753D45010A4}.Debug|Any CPU.Build.0 = Debug|Any CPU
		{1139E486-A36B-6B58-4965-3753D45010A4}.Release|Any CPU.ActiveCfg = Release|Any CPU
		{1139E486-A36B-6B58-4965-3753D45010A4}.Release|Any CPU.Build.0 = Release|Any CPU
	EndGlobalSection
	GlobalSection(SolutionProperties) = preSolution
		HideSolutionNode = FALSE
	EndGlobalSection
	GlobalSection(ExtensibilityGlobals) = postSolution
		SolutionGuid = {3A26EA32-40D7-4A2E-AA37-8D9502F88C22}
	EndGlobalSection
EndGlobal
