
Microsoft Visual Studio Solution File, Format Version 12.00
# Visual Studio Version 17
VisualStudioVersion = 17.12.35707.178 d17.12
MinimumVisualStudioVersion = 10.0.40219.1
Project("{FAE04EC0-301F-11D3-BF4B-00C04F79EFBC}") = "ndir", "ndir\ndir.csproj", "{EF3FF90D-F526-4B19-88AA-E3F282B750F5}"
EndProject
Project("{FAE04EC0-301F-11D3-BF4B-00C04F79EFBC}") = "ncopy", "ncopy\ncopy.csproj", "{52AB54FE-B09F-4443-AA56-984A1E0D6FDA}"
EndProject
Project("{FAE04EC0-301F-11D3-BF4B-00C04F79EFBC}") = "ntree_homework", "ntree_homework\ntree_homework.csproj", "{6175ED92-A781-426B-A127-4E02DAD4D483}"
EndProject
Global
	GlobalSection(SolutionConfigurationPlatforms) = preSolution
		Debug|Any CPU = Debug|Any CPU
		Release|Any CPU = Release|Any CPU
	EndGlobalSection
	GlobalSection(ProjectConfigurationPlatforms) = postSolution
		{EF3FF90D-F526-4B19-88AA-E3F282B750F5}.Debug|Any CPU.ActiveCfg = Debug|Any CPU
		{EF3FF90D-F526-4B19-88AA-E3F282B750F5}.Debug|Any CPU.Build.0 = Debug|Any CPU
		{EF3FF90D-F526-4B19-88AA-E3F282B750F5}.Release|Any CPU.ActiveCfg = Release|Any CPU
		{EF3FF90D-F526-4B19-88AA-E3F282B750F5}.Release|Any CPU.Build.0 = Release|Any CPU
		{52AB54FE-B09F-4443-AA56-984A1E0D6FDA}.Debug|Any CPU.ActiveCfg = Debug|Any CPU
		{52AB54FE-B09F-4443-AA56-984A1E0D6FDA}.Debug|Any CPU.Build.0 = Debug|Any CPU
		{52AB54FE-B09F-4443-AA56-984A1E0D6FDA}.Release|Any CPU.ActiveCfg = Release|Any CPU
		{52AB54FE-B09F-4443-AA56-984A1E0D6FDA}.Release|Any CPU.Build.0 = Release|Any CPU
		{6175ED92-A781-426B-A127-4E02DAD4D483}.Debug|Any CPU.ActiveCfg = Debug|Any CPU
		{6175ED92-A781-426B-A127-4E02DAD4D483}.Debug|Any CPU.Build.0 = Debug|Any CPU
		{6175ED92-A781-426B-A127-4E02DAD4D483}.Release|Any CPU.ActiveCfg = Release|Any CPU
		{6175ED92-A781-426B-A127-4E02DAD4D483}.Release|Any CPU.Build.0 = Release|Any CPU
	EndGlobalSection
	GlobalSection(SolutionProperties) = preSolution
		HideSolutionNode = FALSE
	EndGlobalSection
EndGlobal
