
Microsoft Visual Studio Solution File, Format Version 12.00
# Visual Studio Version 17
VisualStudioVersion = 17.13.35825.156 d17.13
MinimumVisualStudioVersion = 10.0.40219.1
Project("{FAE04EC0-301F-11D3-BF4B-00C04F79EFBC}") = "MyMergeSort", "MyMergeSort.csproj", "{980AC742-39D6-4F23-AC73-01E3A37B5136}"
EndProject
Global
	GlobalSection(SolutionConfigurationPlatforms) = preSolution
		Debug|Any CPU = Debug|Any CPU
		Release|Any CPU = Release|Any CPU
	EndGlobalSection
	GlobalSection(ProjectConfigurationPlatforms) = postSolution
		{980AC742-39D6-4F23-AC73-01E3A37B5136}.Debug|Any CPU.ActiveCfg = Debug|Any CPU
		{980AC742-39D6-4F23-AC73-01E3A37B5136}.Debug|Any CPU.Build.0 = Debug|Any CPU
		{980AC742-39D6-4F23-AC73-01E3A37B5136}.Release|Any CPU.ActiveCfg = Release|Any CPU
		{980AC742-39D6-4F23-AC73-01E3A37B5136}.Release|Any CPU.Build.0 = Release|Any CPU
	EndGlobalSection
	GlobalSection(SolutionProperties) = preSolution
		HideSolutionNode = FALSE
	EndGlobalSection
	GlobalSection(ExtensibilityGlobals) = postSolution
		SolutionGuid = {C393ED69-6877-48B1-8684-DD4D33C4E390}
	EndGlobalSection
EndGlobal
