
Microsoft Visual Studio Solution File, Format Version 12.00
# Visual Studio Version 17
VisualStudioVersion = 17.13.35825.156 d17.13
MinimumVisualStudioVersion = 10.0.40219.1
Project("{FAE04EC0-301F-11D3-BF4B-00C04F79EFBC}") = "CachingSample", "CachingSample\CachingSample.csproj", "{B1C1E85C-7A73-4E0E-ACDB-AB55377D8322}"
EndProject
Global
	GlobalSection(SolutionConfigurationPlatforms) = preSolution
		Debug|Any CPU = Debug|Any CPU
		Release|Any CPU = Release|Any CPU
	EndGlobalSection
	GlobalSection(ProjectConfigurationPlatforms) = postSolution
		{B1C1E85C-7A73-4E0E-ACDB-AB55377D8322}.Debug|Any CPU.ActiveCfg = Debug|Any CPU
		{B1C1E85C-7A73-4E0E-ACDB-AB55377D8322}.Debug|Any CPU.Build.0 = Debug|Any CPU
		{B1C1E85C-7A73-4E0E-ACDB-AB55377D8322}.Release|Any CPU.ActiveCfg = Release|Any CPU
		{B1C1E85C-7A73-4E0E-ACDB-AB55377D8322}.Release|Any CPU.Build.0 = Release|Any CPU
	EndGlobalSection
	GlobalSection(SolutionProperties) = preSolution
		HideSolutionNode = FALSE
	EndGlobalSection
	GlobalSection(ExtensibilityGlobals) = postSolution
		SolutionGuid = {F03FC168-00AF-477C-9934-DCE3D7844A56}
	EndGlobalSection
EndGlobal
