
Microsoft Visual Studio Solution File, Format Version 12.00
# Visual Studio Version 17
VisualStudioVersion = 17.13.35825.156 d17.13
MinimumVisualStudioVersion = 10.0.40219.1
Project("{FAE04EC0-301F-11D3-BF4B-00C04F79EFBC}") = "PreprocessorDirectives", "PreprocessorDirectives\PreprocessorDirectives.csproj", "{C9E7CBDD-1F9B-4E13-A84D-D2259D107274}"
EndProject
Global
	GlobalSection(SolutionConfigurationPlatforms) = preSolution
		Debug|Any CPU = Debug|Any CPU
		Release|Any CPU = Release|Any CPU
	EndGlobalSection
	GlobalSection(ProjectConfigurationPlatforms) = postSolution
		{C9E7CBDD-1F9B-4E13-A84D-D2259D107274}.Debug|Any CPU.ActiveCfg = Debug|Any CPU
		{C9E7CBDD-1F9B-4E13-A84D-D2259D107274}.Debug|Any CPU.Build.0 = Debug|Any CPU
		{C9E7CBDD-1F9B-4E13-A84D-D2259D107274}.Release|Any CPU.ActiveCfg = Release|Any CPU
		{C9E7CBDD-1F9B-4E13-A84D-D2259D107274}.Release|Any CPU.Build.0 = Release|Any CPU
	EndGlobalSection
	GlobalSection(SolutionProperties) = preSolution
		HideSolutionNode = FALSE
	EndGlobalSection
	GlobalSection(ExtensibilityGlobals) = postSolution
		SolutionGuid = {B81ED4EF-4DA2-49CC-9EDA-694CDC7DC26A}
	EndGlobalSection
EndGlobal
